
Microsoft Visual Studio Solution File, Format Version 12.00
# Visual Studio Version 16
VisualStudioVersion = 16.0.30011.22
MinimumVisualStudioVersion = 10.0.40219.1
Project("{FAE04EC0-301F-11D3-BF4B-00C04F79EFBC}") = "Frizerski_salon", "Frizerski_salon\Frizerski_salon.csproj", "{EEE2B1B8-4C7B-4D2C-82C3-B2FC96D4E542}"
EndProject
Global
	GlobalSection(SolutionConfigurationPlatforms) = preSolution
		Debug|Any CPU = Debug|Any CPU
		Release|Any CPU = Release|Any CPU
	EndGlobalSection
	GlobalSection(ProjectConfigurationPlatforms) = postSolution
		{EEE2B1B8-4C7B-4D2C-82C3-B2FC96D4E542}.Debug|Any CPU.ActiveCfg = Debug|Any CPU
		{EEE2B1B8-4C7B-4D2C-82C3-B2FC96D4E542}.Debug|Any CPU.Build.0 = Debug|Any CPU
		{EEE2B1B8-4C7B-4D2C-82C3-B2FC96D4E542}.Release|Any CPU.ActiveCfg = Release|Any CPU
		{EEE2B1B8-4C7B-4D2C-82C3-B2FC96D4E542}.Release|Any CPU.Build.0 = Release|Any CPU
	EndGlobalSection
	GlobalSection(SolutionProperties) = preSolution
		HideSolutionNode = FALSE
	EndGlobalSection
	GlobalSection(ExtensibilityGlobals) = postSolution
		SolutionGuid = {49CC589A-3282-42A5-88C1-541BC1E33C88}
	EndGlobalSection
EndGlobal
